
Microsoft Visual Studio Solution File, Format Version 12.00
# Visual Studio Version 16
VisualStudioVersion = 16.0.32802.440
MinimumVisualStudioVersion = 10.0.40219.1
Project("{9A19103F-16F7-4668-BE54-9A1E7A4F7556}") = "Ejercicio_01", "Ejercicio_01\Ejercicio_01.csproj", "{9E9ED80A-E1EF-4484-B2F2-A7B1486511E4}"
EndProject
Project("{9A19103F-16F7-4668-BE54-9A1E7A4F7556}") = "Ejercicio_02", "Ejercicio_02\Ejercicio_02.csproj", "{54763AB4-2682-4BCA-A092-E4130FF9DBC9}"
EndProject
Project("{9A19103F-16F7-4668-BE54-9A1E7A4F7556}") = "Ejercicio_03", "Ejercicio_03\Ejercicio_03.csproj", "{AE2E7546-D90D-4188-9E7B-EA19EC428F5F}"
EndProject
Project("{9A19103F-16F7-4668-BE54-9A1E7A4F7556}") = "Ejercicio_04", "Ejercicio_04\Ejercicio_04.csproj", "{2B5E118D-E5DE-4FC3-88C0-2B87304D2150}"
EndProject
Project("{9A19103F-16F7-4668-BE54-9A1E7A4F7556}") = "Ejercicio_05", "Ejercicio_05\Ejercicio_05.csproj", "{BC78D884-D183-4FA6-BEFC-00E19933C50A}"
EndProject
Project("{9A19103F-16F7-4668-BE54-9A1E7A4F7556}") = "Ejercicio_06", "Ejercicio_06\Ejercicio_06.csproj", "{E430588B-B4B7-4910-8537-205E06573B6F}"
EndProject
Project("{9A19103F-16F7-4668-BE54-9A1E7A4F7556}") = "Ejercicio_07", "Ejercicio_07\Ejercicio_07.csproj", "{63456987-A385-4BEC-B3C1-D7946406E51A}"
EndProject
Project("{9A19103F-16F7-4668-BE54-9A1E7A4F7556}") = "Ejercicio_08", "Ejercicio_08\Ejercicio_08.csproj", "{4F81ACBD-8D1A-422D-81E2-003666F6DD02}"
EndProject
Project("{9A19103F-16F7-4668-BE54-9A1E7A4F7556}") = "Ejercicio_09", "Ejercicio_09\Ejercicio_09.csproj", "{B6A44E03-D242-4126-A35A-1376ED4F10B9}"
EndProject
Project("{9A19103F-16F7-4668-BE54-9A1E7A4F7556}") = "Clase 02", "Clase 02\Clase 02.csproj", "{6701FA94-3157-4F20-8D65-67E18AA24770}"
EndProject
Project("{9A19103F-16F7-4668-BE54-9A1E7A4F7556}") = "Ejercicio_01", "Ejercicio2_01\Ejercicio_01.csproj", "{FAB6314A-FA47-478F-A857-151A9A171801}"
EndProject
Project("{2150E333-8FDC-42A3-9474-1A3956D46DE8}") = "CLASE 2", "CLASE 2", "{93B99EBC-F216-4984-BC45-8764EBD8FB7B}"
EndProject
Project("{2150E333-8FDC-42A3-9474-1A3956D46DE8}") = "CLASE 1", "CLASE 1", "{60E282B1-6F7A-4964-A824-24E525802E2A}"
EndProject
Project("{9A19103F-16F7-4668-BE54-9A1E7A4F7556}") = "Ejercicio_Slack_01", "Ejercicio_Slack_01\Ejercicio_Slack_01.csproj", "{D3611114-483D-416B-8426-6B40623E3461}"
EndProject
Project("{2150E333-8FDC-42A3-9474-1A3956D46DE8}") = "CLASE 3", "CLASE 3", "{5415F0D7-BFBF-4232-9C75-85140CF3B86F}"
EndProject
Project("{9A19103F-16F7-4668-BE54-9A1E7A4F7556}") = "Ejercicio_3", "Ejercicio_3\Ejercicio_3.csproj", "{2E3FDC28-B509-4EBE-A547-5F2F65DFB6A1}"
EndProject
Project("{9A19103F-16F7-4668-BE54-9A1E7A4F7556}") = "Estudiante", "Estudiante\Estudiante.csproj", "{78CB5A84-A24B-4C58-9BA6-0057837BA51B}"
EndProject
Project("{9A19103F-16F7-4668-BE54-9A1E7A4F7556}") = "Ejercicio_4", "Ejercicio_4\Ejercicio_4.csproj", "{6197038A-EC06-4033-B2B4-04D63E10AA9C}"
EndProject
Project("{9A19103F-16F7-4668-BE54-9A1E7A4F7556}") = "MyBiblioteca", "MyBiblioteca\MyBiblioteca.csproj", "{2FE0F5C4-149B-4D42-ADC0-113E12DC9D7D}"
EndProject
Project("{2150E333-8FDC-42A3-9474-1A3956D46DE8}") = "CLASE 4", "CLASE 4", "{BBE4CBEC-5C70-462C-88C0-1B92E68F3598}"
EndProject
Project("{9A19103F-16F7-4668-BE54-9A1E7A4F7556}") = "Ejercicio_Slack_1", "Ejercicio_Slack_1\Ejercicio_Slack_1.csproj", "{F43E9CF3-57F4-4DE7-8308-BE0857749CE2}"
EndProject
Project("{9A19103F-16F7-4668-BE54-9A1E7A4F7556}") = "LibreriaEj_1", "LibreriaEj_1\LibreriaEj_1.csproj", "{0B8AB036-3393-408A-BCEE-D8A9F05A63CE}"
EndProject
Project("{2150E333-8FDC-42A3-9474-1A3956D46DE8}") = "CLASE 5", "CLASE 5", "{468AE615-BA65-4839-A580-4E892FDCA0C5}"
EndProject
Project("{9A19103F-16F7-4668-BE54-9A1E7A4F7556}") = "LibreriaEjercicioSlack_01", "LibreriaEjercicioSlack_01\LibreriaEjercicioSlack_01.csproj", "{E8532051-52DE-45C5-9D75-24A401FC5EAB}"
EndProject
Project("{2150E333-8FDC-42A3-9474-1A3956D46DE8}") = "CLASE 6", "CLASE 6", "{B594232E-E526-4ACD-9F21-B8BD9DF2ED9D}"
EndProject
Project("{9A19103F-16F7-4668-BE54-9A1E7A4F7556}") = "WinFormsApp1", "WinFormsApp1\WinFormsApp1.csproj", "{1D6BB30D-3259-4943-9802-38828E9C5813}"
EndProject
Project("{9A19103F-16F7-4668-BE54-9A1E7A4F7556}") = "EjercicioSlack_01", "EjercicioSlack_01\EjercicioSlack_01.csproj", "{E253A593-8F02-4776-ABF6-EF3ED7BE3AE5}"
EndProject
Project("{9A19103F-16F7-4668-BE54-9A1E7A4F7556}") = "EjercicioSlack_02", "EjercicioSlack_02\EjercicioSlack_02.csproj", "{616CC42A-5144-4A5D-B058-3749185259DF}"
EndProject
Project("{9A19103F-16F7-4668-BE54-9A1E7A4F7556}") = "EjercicioSlack_03", "EjercicioSlack_03\EjercicioSlack_03.csproj", "{57E12DDD-3EEA-41C3-950D-877EC9E78EEE}"
EndProject
Project("{FAE04EC0-301F-11D3-BF4B-00C04F79EFBC}") = "EjercicioSlack_04", "EjercicioSlack_04\EjercicioSlack_04.csproj", "{3AAE6C98-A786-43C7-B3FE-D9825B0B20DC}"
EndProject
Global
	GlobalSection(SolutionConfigurationPlatforms) = preSolution
		Debug|Any CPU = Debug|Any CPU
		Release|Any CPU = Release|Any CPU
	EndGlobalSection
	GlobalSection(ProjectConfigurationPlatforms) = postSolution
		{9E9ED80A-E1EF-4484-B2F2-A7B1486511E4}.Debug|Any CPU.ActiveCfg = Debug|Any CPU
		{9E9ED80A-E1EF-4484-B2F2-A7B1486511E4}.Debug|Any CPU.Build.0 = Debug|Any CPU
		{9E9ED80A-E1EF-4484-B2F2-A7B1486511E4}.Release|Any CPU.ActiveCfg = Release|Any CPU
		{9E9ED80A-E1EF-4484-B2F2-A7B1486511E4}.Release|Any CPU.Build.0 = Release|Any CPU
		{54763AB4-2682-4BCA-A092-E4130FF9DBC9}.Debug|Any CPU.ActiveCfg = Debug|Any CPU
		{54763AB4-2682-4BCA-A092-E4130FF9DBC9}.Debug|Any CPU.Build.0 = Debug|Any CPU
		{54763AB4-2682-4BCA-A092-E4130FF9DBC9}.Release|Any CPU.ActiveCfg = Release|Any CPU
		{54763AB4-2682-4BCA-A092-E4130FF9DBC9}.Release|Any CPU.Build.0 = Release|Any CPU
		{AE2E7546-D90D-4188-9E7B-EA19EC428F5F}.Debug|Any CPU.ActiveCfg = Debug|Any CPU
		{AE2E7546-D90D-4188-9E7B-EA19EC428F5F}.Debug|Any CPU.Build.0 = Debug|Any CPU
		{AE2E7546-D90D-4188-9E7B-EA19EC428F5F}.Release|Any CPU.ActiveCfg = Release|Any CPU
		{AE2E7546-D90D-4188-9E7B-EA19EC428F5F}.Release|Any CPU.Build.0 = Release|Any CPU
		{2B5E118D-E5DE-4FC3-88C0-2B87304D2150}.Debug|Any CPU.ActiveCfg = Debug|Any CPU
		{2B5E118D-E5DE-4FC3-88C0-2B87304D2150}.Debug|Any CPU.Build.0 = Debug|Any CPU
		{2B5E118D-E5DE-4FC3-88C0-2B87304D2150}.Release|Any CPU.ActiveCfg = Release|Any CPU
		{2B5E118D-E5DE-4FC3-88C0-2B87304D2150}.Release|Any CPU.Build.0 = Release|Any CPU
		{BC78D884-D183-4FA6-BEFC-00E19933C50A}.Debug|Any CPU.ActiveCfg = Debug|Any CPU
		{BC78D884-D183-4FA6-BEFC-00E19933C50A}.Debug|Any CPU.Build.0 = Debug|Any CPU
		{BC78D884-D183-4FA6-BEFC-00E19933C50A}.Release|Any CPU.ActiveCfg = Release|Any CPU
		{BC78D884-D183-4FA6-BEFC-00E19933C50A}.Release|Any CPU.Build.0 = Release|Any CPU
		{E430588B-B4B7-4910-8537-205E06573B6F}.Debug|Any CPU.ActiveCfg = Debug|Any CPU
		{E430588B-B4B7-4910-8537-205E06573B6F}.Debug|Any CPU.Build.0 = Debug|Any CPU
		{E430588B-B4B7-4910-8537-205E06573B6F}.Release|Any CPU.ActiveCfg = Release|Any CPU
		{E430588B-B4B7-4910-8537-205E06573B6F}.Release|Any CPU.Build.0 = Release|Any CPU
		{63456987-A385-4BEC-B3C1-D7946406E51A}.Debug|Any CPU.ActiveCfg = Debug|Any CPU
		{63456987-A385-4BEC-B3C1-D7946406E51A}.Debug|Any CPU.Build.0 = Debug|Any CPU
		{63456987-A385-4BEC-B3C1-D7946406E51A}.Release|Any CPU.ActiveCfg = Release|Any CPU
		{63456987-A385-4BEC-B3C1-D7946406E51A}.Release|Any CPU.Build.0 = Release|Any CPU
		{4F81ACBD-8D1A-422D-81E2-003666F6DD02}.Debug|Any CPU.ActiveCfg = Debug|Any CPU
		{4F81ACBD-8D1A-422D-81E2-003666F6DD02}.Debug|Any CPU.Build.0 = Debug|Any CPU
		{4F81ACBD-8D1A-422D-81E2-003666F6DD02}.Release|Any CPU.ActiveCfg = Release|Any CPU
		{4F81ACBD-8D1A-422D-81E2-003666F6DD02}.Release|Any CPU.Build.0 = Release|Any CPU
		{B6A44E03-D242-4126-A35A-1376ED4F10B9}.Debug|Any CPU.ActiveCfg = Debug|Any CPU
		{B6A44E03-D242-4126-A35A-1376ED4F10B9}.Debug|Any CPU.Build.0 = Debug|Any CPU
		{B6A44E03-D242-4126-A35A-1376ED4F10B9}.Release|Any CPU.ActiveCfg = Release|Any CPU
		{B6A44E03-D242-4126-A35A-1376ED4F10B9}.Release|Any CPU.Build.0 = Release|Any CPU
		{6701FA94-3157-4F20-8D65-67E18AA24770}.Debug|Any CPU.ActiveCfg = Debug|Any CPU
		{6701FA94-3157-4F20-8D65-67E18AA24770}.Debug|Any CPU.Build.0 = Debug|Any CPU
		{6701FA94-3157-4F20-8D65-67E18AA24770}.Release|Any CPU.ActiveCfg = Release|Any CPU
		{6701FA94-3157-4F20-8D65-67E18AA24770}.Release|Any CPU.Build.0 = Release|Any CPU
		{FAB6314A-FA47-478F-A857-151A9A171801}.Debug|Any CPU.ActiveCfg = Debug|Any CPU
		{FAB6314A-FA47-478F-A857-151A9A171801}.Debug|Any CPU.Build.0 = Debug|Any CPU
		{FAB6314A-FA47-478F-A857-151A9A171801}.Release|Any CPU.ActiveCfg = Release|Any CPU
		{FAB6314A-FA47-478F-A857-151A9A171801}.Release|Any CPU.Build.0 = Release|Any CPU
		{D3611114-483D-416B-8426-6B40623E3461}.Debug|Any CPU.ActiveCfg = Debug|Any CPU
		{D3611114-483D-416B-8426-6B40623E3461}.Debug|Any CPU.Build.0 = Debug|Any CPU
		{D3611114-483D-416B-8426-6B40623E3461}.Release|Any CPU.ActiveCfg = Release|Any CPU
		{D3611114-483D-416B-8426-6B40623E3461}.Release|Any CPU.Build.0 = Release|Any CPU
		{2E3FDC28-B509-4EBE-A547-5F2F65DFB6A1}.Debug|Any CPU.ActiveCfg = Debug|Any CPU
		{2E3FDC28-B509-4EBE-A547-5F2F65DFB6A1}.Debug|Any CPU.Build.0 = Debug|Any CPU
		{2E3FDC28-B509-4EBE-A547-5F2F65DFB6A1}.Release|Any CPU.ActiveCfg = Release|Any CPU
		{2E3FDC28-B509-4EBE-A547-5F2F65DFB6A1}.Release|Any CPU.Build.0 = Release|Any CPU
		{78CB5A84-A24B-4C58-9BA6-0057837BA51B}.Debug|Any CPU.ActiveCfg = Debug|Any CPU
		{78CB5A84-A24B-4C58-9BA6-0057837BA51B}.Debug|Any CPU.Build.0 = Debug|Any CPU
		{78CB5A84-A24B-4C58-9BA6-0057837BA51B}.Release|Any CPU.ActiveCfg = Release|Any CPU
		{78CB5A84-A24B-4C58-9BA6-0057837BA51B}.Release|Any CPU.Build.0 = Release|Any CPU
		{6197038A-EC06-4033-B2B4-04D63E10AA9C}.Debug|Any CPU.ActiveCfg = Debug|Any CPU
		{6197038A-EC06-4033-B2B4-04D63E10AA9C}.Debug|Any CPU.Build.0 = Debug|Any CPU
		{6197038A-EC06-4033-B2B4-04D63E10AA9C}.Release|Any CPU.ActiveCfg = Release|Any CPU
		{6197038A-EC06-4033-B2B4-04D63E10AA9C}.Release|Any CPU.Build.0 = Release|Any CPU
		{2FE0F5C4-149B-4D42-ADC0-113E12DC9D7D}.Debug|Any CPU.ActiveCfg = Debug|Any CPU
		{2FE0F5C4-149B-4D42-ADC0-113E12DC9D7D}.Debug|Any CPU.Build.0 = Debug|Any CPU
		{2FE0F5C4-149B-4D42-ADC0-113E12DC9D7D}.Release|Any CPU.ActiveCfg = Release|Any CPU
		{2FE0F5C4-149B-4D42-ADC0-113E12DC9D7D}.Release|Any CPU.Build.0 = Release|Any CPU
		{F43E9CF3-57F4-4DE7-8308-BE0857749CE2}.Debug|Any CPU.ActiveCfg = Debug|Any CPU
		{F43E9CF3-57F4-4DE7-8308-BE0857749CE2}.Debug|Any CPU.Build.0 = Debug|Any CPU
		{F43E9CF3-57F4-4DE7-8308-BE0857749CE2}.Release|Any CPU.ActiveCfg = Release|Any CPU
		{F43E9CF3-57F4-4DE7-8308-BE0857749CE2}.Release|Any CPU.Build.0 = Release|Any CPU
		{0B8AB036-3393-408A-BCEE-D8A9F05A63CE}.Debug|Any CPU.ActiveCfg = Debug|Any CPU
		{0B8AB036-3393-408A-BCEE-D8A9F05A63CE}.Debug|Any CPU.Build.0 = Debug|Any CPU
		{0B8AB036-3393-408A-BCEE-D8A9F05A63CE}.Release|Any CPU.ActiveCfg = Release|Any CPU
		{0B8AB036-3393-408A-BCEE-D8A9F05A63CE}.Release|Any CPU.Build.0 = Release|Any CPU
		{E8532051-52DE-45C5-9D75-24A401FC5EAB}.Debug|Any CPU.ActiveCfg = Debug|Any CPU
		{E8532051-52DE-45C5-9D75-24A401FC5EAB}.Debug|Any CPU.Build.0 = Debug|Any CPU
		{E8532051-52DE-45C5-9D75-24A401FC5EAB}.Release|Any CPU.ActiveCfg = Release|Any CPU
		{E8532051-52DE-45C5-9D75-24A401FC5EAB}.Release|Any CPU.Build.0 = Release|Any CPU
		{1D6BB30D-3259-4943-9802-38828E9C5813}.Debug|Any CPU.ActiveCfg = Debug|Any CPU
		{1D6BB30D-3259-4943-9802-38828E9C5813}.Debug|Any CPU.Build.0 = Debug|Any CPU
		{1D6BB30D-3259-4943-9802-38828E9C5813}.Release|Any CPU.ActiveCfg = Release|Any CPU
		{1D6BB30D-3259-4943-9802-38828E9C5813}.Release|Any CPU.Build.0 = Release|Any CPU
		{E253A593-8F02-4776-ABF6-EF3ED7BE3AE5}.Debug|Any CPU.ActiveCfg = Debug|Any CPU
		{E253A593-8F02-4776-ABF6-EF3ED7BE3AE5}.Debug|Any CPU.Build.0 = Debug|Any CPU
		{E253A593-8F02-4776-ABF6-EF3ED7BE3AE5}.Release|Any CPU.ActiveCfg = Release|Any CPU
		{E253A593-8F02-4776-ABF6-EF3ED7BE3AE5}.Release|Any CPU.Build.0 = Release|Any CPU
		{616CC42A-5144-4A5D-B058-3749185259DF}.Debug|Any CPU.ActiveCfg = Debug|Any CPU
		{616CC42A-5144-4A5D-B058-3749185259DF}.Debug|Any CPU.Build.0 = Debug|Any CPU
		{616CC42A-5144-4A5D-B058-3749185259DF}.Release|Any CPU.ActiveCfg = Release|Any CPU
		{616CC42A-5144-4A5D-B058-3749185259DF}.Release|Any CPU.Build.0 = Release|Any CPU
		{57E12DDD-3EEA-41C3-950D-877EC9E78EEE}.Debug|Any CPU.ActiveCfg = Debug|Any CPU
		{57E12DDD-3EEA-41C3-950D-877EC9E78EEE}.Debug|Any CPU.Build.0 = Debug|Any CPU
		{57E12DDD-3EEA-41C3-950D-877EC9E78EEE}.Release|Any CPU.ActiveCfg = Release|Any CPU
		{57E12DDD-3EEA-41C3-950D-877EC9E78EEE}.Release|Any CPU.Build.0 = Release|Any CPU
		{3AAE6C98-A786-43C7-B3FE-D9825B0B20DC}.Debug|Any CPU.ActiveCfg = Debug|Any CPU
		{3AAE6C98-A786-43C7-B3FE-D9825B0B20DC}.Debug|Any CPU.Build.0 = Debug|Any CPU
		{3AAE6C98-A786-43C7-B3FE-D9825B0B20DC}.Release|Any CPU.ActiveCfg = Release|Any CPU
		{3AAE6C98-A786-43C7-B3FE-D9825B0B20DC}.Release|Any CPU.Build.0 = Release|Any CPU
	EndGlobalSection
	GlobalSection(SolutionProperties) = preSolution
		HideSolutionNode = FALSE
	EndGlobalSection
	GlobalSection(NestedProjects) = preSolution
		{9E9ED80A-E1EF-4484-B2F2-A7B1486511E4} = {60E282B1-6F7A-4964-A824-24E525802E2A}
		{54763AB4-2682-4BCA-A092-E4130FF9DBC9} = {60E282B1-6F7A-4964-A824-24E525802E2A}
		{AE2E7546-D90D-4188-9E7B-EA19EC428F5F} = {60E282B1-6F7A-4964-A824-24E525802E2A}
		{2B5E118D-E5DE-4FC3-88C0-2B87304D2150} = {60E282B1-6F7A-4964-A824-24E525802E2A}
		{BC78D884-D183-4FA6-BEFC-00E19933C50A} = {60E282B1-6F7A-4964-A824-24E525802E2A}
		{E430588B-B4B7-4910-8537-205E06573B6F} = {60E282B1-6F7A-4964-A824-24E525802E2A}
		{63456987-A385-4BEC-B3C1-D7946406E51A} = {60E282B1-6F7A-4964-A824-24E525802E2A}
		{4F81ACBD-8D1A-422D-81E2-003666F6DD02} = {60E282B1-6F7A-4964-A824-24E525802E2A}
		{B6A44E03-D242-4126-A35A-1376ED4F10B9} = {60E282B1-6F7A-4964-A824-24E525802E2A}
		{6701FA94-3157-4F20-8D65-67E18AA24770} = {93B99EBC-F216-4984-BC45-8764EBD8FB7B}
		{FAB6314A-FA47-478F-A857-151A9A171801} = {93B99EBC-F216-4984-BC45-8764EBD8FB7B}
		{D3611114-483D-416B-8426-6B40623E3461} = {93B99EBC-F216-4984-BC45-8764EBD8FB7B}
		{2E3FDC28-B509-4EBE-A547-5F2F65DFB6A1} = {5415F0D7-BFBF-4232-9C75-85140CF3B86F}
		{78CB5A84-A24B-4C58-9BA6-0057837BA51B} = {5415F0D7-BFBF-4232-9C75-85140CF3B86F}
		{6197038A-EC06-4033-B2B4-04D63E10AA9C} = {5415F0D7-BFBF-4232-9C75-85140CF3B86F}
		{2FE0F5C4-149B-4D42-ADC0-113E12DC9D7D} = {5415F0D7-BFBF-4232-9C75-85140CF3B86F}
		{F43E9CF3-57F4-4DE7-8308-BE0857749CE2} = {BBE4CBEC-5C70-462C-88C0-1B92E68F3598}
		{0B8AB036-3393-408A-BCEE-D8A9F05A63CE} = {BBE4CBEC-5C70-462C-88C0-1B92E68F3598}
		{E8532051-52DE-45C5-9D75-24A401FC5EAB} = {468AE615-BA65-4839-A580-4E892FDCA0C5}
		{1D6BB30D-3259-4943-9802-38828E9C5813} = {B594232E-E526-4ACD-9F21-B8BD9DF2ED9D}
		{E253A593-8F02-4776-ABF6-EF3ED7BE3AE5} = {B594232E-E526-4ACD-9F21-B8BD9DF2ED9D}
		{616CC42A-5144-4A5D-B058-3749185259DF} = {B594232E-E526-4ACD-9F21-B8BD9DF2ED9D}
		{57E12DDD-3EEA-41C3-950D-877EC9E78EEE} = {B594232E-E526-4ACD-9F21-B8BD9DF2ED9D}
		{3AAE6C98-A786-43C7-B3FE-D9825B0B20DC} = {B594232E-E526-4ACD-9F21-B8BD9DF2ED9D}
	EndGlobalSection
	GlobalSection(ExtensibilityGlobals) = postSolution
		SolutionGuid = {44278717-A9BF-4625-9224-B9FFCD962ED6}
	EndGlobalSection
EndGlobal
